
Microsoft Visual Studio Solution File, Format Version 12.00
# Visual Studio Version 17
VisualStudioVersion = 17.1.32210.238
MinimumVisualStudioVersion = 10.0.40219.1
Project("{FAE04EC0-301F-11D3-BF4B-00C04F79EFBC}") = "HomeWork13", "HomeWork13\HomeWork13.csproj", "{038DD82E-E045-4658-A36D-33ECC8EF5701}"
EndProject
Global
	GlobalSection(SolutionConfigurationPlatforms) = preSolution
		Debug|Any CPU = Debug|Any CPU
		Release|Any CPU = Release|Any CPU
	EndGlobalSection
	GlobalSection(ProjectConfigurationPlatforms) = postSolution
		{038DD82E-E045-4658-A36D-33ECC8EF5701}.Debug|Any CPU.ActiveCfg = Debug|Any CPU
		{038DD82E-E045-4658-A36D-33ECC8EF5701}.Debug|Any CPU.Build.0 = Debug|Any CPU
		{038DD82E-E045-4658-A36D-33ECC8EF5701}.Release|Any CPU.ActiveCfg = Release|Any CPU
		{038DD82E-E045-4658-A36D-33ECC8EF5701}.Release|Any CPU.Build.0 = Release|Any CPU
	EndGlobalSection
	GlobalSection(SolutionProperties) = preSolution
		HideSolutionNode = FALSE
	EndGlobalSection
	GlobalSection(ExtensibilityGlobals) = postSolution
		SolutionGuid = {9CA65709-F6FF-4D8F-B264-5A28074A1C73}
	EndGlobalSection
EndGlobal
